
Microsoft Visual Studio Solution File, Format Version 12.00
# Visual Studio 15
VisualStudioVersion = 15.0.28010.2003
MinimumVisualStudioVersion = 10.0.40219.1
Project("{9A19103F-16F7-4668-BE54-9A1E7A4F7556}") = "WebStore", "WebApplication1\WebStore.csproj", "{08EEAA79-0201-44C7-9002-C241EBC7B997}"
EndProject
Project("{9A19103F-16F7-4668-BE54-9A1E7A4F7556}") = "WebStore.Domain", "WebStore.Domain\WebStore.Domain.csproj", "{60225406-A6B5-4DA8-97D1-D0E39C390B27}"
EndProject
Project("{9A19103F-16F7-4668-BE54-9A1E7A4F7556}") = "WebStore.DAL", "WebStore.DAL\WebStore.DAL.csproj", "{C238522A-73AF-4E6E-9668-8175FCC0C170}"
EndProject
Project("{2150E333-8FDC-42A3-9474-1A3956D46DE8}") = "Common", "Common", "{0898F2E4-EFCE-45E6-8045-8EFF0AACD146}"
EndProject
Project("{2150E333-8FDC-42A3-9474-1A3956D46DE8}") = "Ui", "Ui", "{572155C5-5B40-4A99-9B5A-0CBF1E999ECD}"
EndProject
Project("{2150E333-8FDC-42A3-9474-1A3956D46DE8}") = "Services", "Services", "{32151016-431F-41D6-A4F6-B3A2461E6EE5}"
EndProject
Project("{9A19103F-16F7-4668-BE54-9A1E7A4F7556}") = "WebStore.ServicesHosting", "WebStore.ServicesHosting\WebStore.ServicesHosting.csproj", "{3ADE591F-7E15-4437-B821-6B43AB81D2C0}"
EndProject
Project("{9A19103F-16F7-4668-BE54-9A1E7A4F7556}") = "WebStore.Interfaces", "WebStore.Interfaces\WebStore.Interfaces.csproj", "{08387D6E-9024-4B2B-8455-521A570E1127}"
EndProject
Project("{FAE04EC0-301F-11D3-BF4B-00C04F79EFBC}") = "WebStore.Services", "WebStore.Services\WebStore.Services.csproj", "{1F9C8B00-EACC-4E65-AFFE-8F85A95FC9A4}"
EndProject
Project("{2150E333-8FDC-42A3-9474-1A3956D46DE8}") = "Clients", "Clients", "{EABCBFAA-B73D-4907-8B43-F2269B1F99EF}"
EndProject
Project("{FAE04EC0-301F-11D3-BF4B-00C04F79EFBC}") = "WebStore.Clients", "WebStore.Clients\WebStore.Clients.csproj", "{80ECA076-717C-4C0E-B84D-D425A7B89A7B}"
EndProject
Project("{FAE04EC0-301F-11D3-BF4B-00C04F79EFBC}") = "WebStore.Implementations", "WebStore.Imlementations\WebStore.Implementations.csproj", "{B5DA2FCE-BAE0-4039-9993-96D737A9D302}"
EndProject
Global
	GlobalSection(SolutionConfigurationPlatforms) = preSolution
		Debug|Any CPU = Debug|Any CPU
		Release|Any CPU = Release|Any CPU
	EndGlobalSection
	GlobalSection(ProjectConfigurationPlatforms) = postSolution
		{08EEAA79-0201-44C7-9002-C241EBC7B997}.Debug|Any CPU.ActiveCfg = Debug|Any CPU
		{08EEAA79-0201-44C7-9002-C241EBC7B997}.Debug|Any CPU.Build.0 = Debug|Any CPU
		{08EEAA79-0201-44C7-9002-C241EBC7B997}.Release|Any CPU.ActiveCfg = Release|Any CPU
		{08EEAA79-0201-44C7-9002-C241EBC7B997}.Release|Any CPU.Build.0 = Release|Any CPU
		{60225406-A6B5-4DA8-97D1-D0E39C390B27}.Debug|Any CPU.ActiveCfg = Debug|Any CPU
		{60225406-A6B5-4DA8-97D1-D0E39C390B27}.Debug|Any CPU.Build.0 = Debug|Any CPU
		{60225406-A6B5-4DA8-97D1-D0E39C390B27}.Release|Any CPU.ActiveCfg = Release|Any CPU
		{60225406-A6B5-4DA8-97D1-D0E39C390B27}.Release|Any CPU.Build.0 = Release|Any CPU
		{C238522A-73AF-4E6E-9668-8175FCC0C170}.Debug|Any CPU.ActiveCfg = Debug|Any CPU
		{C238522A-73AF-4E6E-9668-8175FCC0C170}.Debug|Any CPU.Build.0 = Debug|Any CPU
		{C238522A-73AF-4E6E-9668-8175FCC0C170}.Release|Any CPU.ActiveCfg = Release|Any CPU
		{C238522A-73AF-4E6E-9668-8175FCC0C170}.Release|Any CPU.Build.0 = Release|Any CPU
		{3ADE591F-7E15-4437-B821-6B43AB81D2C0}.Debug|Any CPU.ActiveCfg = Debug|Any CPU
		{3ADE591F-7E15-4437-B821-6B43AB81D2C0}.Debug|Any CPU.Build.0 = Debug|Any CPU
		{3ADE591F-7E15-4437-B821-6B43AB81D2C0}.Release|Any CPU.ActiveCfg = Release|Any CPU
		{3ADE591F-7E15-4437-B821-6B43AB81D2C0}.Release|Any CPU.Build.0 = Release|Any CPU
		{08387D6E-9024-4B2B-8455-521A570E1127}.Debug|Any CPU.ActiveCfg = Debug|Any CPU
		{08387D6E-9024-4B2B-8455-521A570E1127}.Debug|Any CPU.Build.0 = Debug|Any CPU
		{08387D6E-9024-4B2B-8455-521A570E1127}.Release|Any CPU.ActiveCfg = Release|Any CPU
		{08387D6E-9024-4B2B-8455-521A570E1127}.Release|Any CPU.Build.0 = Release|Any CPU
		{1F9C8B00-EACC-4E65-AFFE-8F85A95FC9A4}.Debug|Any CPU.ActiveCfg = Debug|Any CPU
		{1F9C8B00-EACC-4E65-AFFE-8F85A95FC9A4}.Debug|Any CPU.Build.0 = Debug|Any CPU
		{1F9C8B00-EACC-4E65-AFFE-8F85A95FC9A4}.Release|Any CPU.ActiveCfg = Release|Any CPU
		{1F9C8B00-EACC-4E65-AFFE-8F85A95FC9A4}.Release|Any CPU.Build.0 = Release|Any CPU
		{80ECA076-717C-4C0E-B84D-D425A7B89A7B}.Debug|Any CPU.ActiveCfg = Debug|Any CPU
		{80ECA076-717C-4C0E-B84D-D425A7B89A7B}.Debug|Any CPU.Build.0 = Debug|Any CPU
		{80ECA076-717C-4C0E-B84D-D425A7B89A7B}.Release|Any CPU.ActiveCfg = Release|Any CPU
		{80ECA076-717C-4C0E-B84D-D425A7B89A7B}.Release|Any CPU.Build.0 = Release|Any CPU
		{B5DA2FCE-BAE0-4039-9993-96D737A9D302}.Debug|Any CPU.ActiveCfg = Debug|Any CPU
		{B5DA2FCE-BAE0-4039-9993-96D737A9D302}.Debug|Any CPU.Build.0 = Debug|Any CPU
		{B5DA2FCE-BAE0-4039-9993-96D737A9D302}.Release|Any CPU.ActiveCfg = Release|Any CPU
		{B5DA2FCE-BAE0-4039-9993-96D737A9D302}.Release|Any CPU.Build.0 = Release|Any CPU
	EndGlobalSection
	GlobalSection(SolutionProperties) = preSolution
		HideSolutionNode = FALSE
	EndGlobalSection
	GlobalSection(NestedProjects) = preSolution
		{08EEAA79-0201-44C7-9002-C241EBC7B997} = {572155C5-5B40-4A99-9B5A-0CBF1E999ECD}
		{60225406-A6B5-4DA8-97D1-D0E39C390B27} = {0898F2E4-EFCE-45E6-8045-8EFF0AACD146}
		{C238522A-73AF-4E6E-9668-8175FCC0C170} = {32151016-431F-41D6-A4F6-B3A2461E6EE5}
		{3ADE591F-7E15-4437-B821-6B43AB81D2C0} = {32151016-431F-41D6-A4F6-B3A2461E6EE5}
		{08387D6E-9024-4B2B-8455-521A570E1127} = {0898F2E4-EFCE-45E6-8045-8EFF0AACD146}
		{1F9C8B00-EACC-4E65-AFFE-8F85A95FC9A4} = {32151016-431F-41D6-A4F6-B3A2461E6EE5}
		{80ECA076-717C-4C0E-B84D-D425A7B89A7B} = {EABCBFAA-B73D-4907-8B43-F2269B1F99EF}
		{B5DA2FCE-BAE0-4039-9993-96D737A9D302} = {0898F2E4-EFCE-45E6-8045-8EFF0AACD146}
	EndGlobalSection
	GlobalSection(ExtensibilityGlobals) = postSolution
		SolutionGuid = {AD83F0E3-9751-4BA6-9DE9-9C71EB2FFAC2}
	EndGlobalSection
EndGlobal
